
Microsoft Visual Studio Solution File, Format Version 12.00
# Visual Studio Version 17
VisualStudioVersion = 17.9.34616.47
MinimumVisualStudioVersion = 10.0.40219.1
Project("{FAE04EC0-301F-11D3-BF4B-00C04F79EFBC}") = "01 Punkt", "01 Punkt\01 Punkt.csproj", "{9DEE5ACA-E6F0-4B13-8032-45096DD6C943}"
EndProject
Project("{FAE04EC0-301F-11D3-BF4B-00C04F79EFBC}") = "02 Osoba", "02 Osoba\02 Osoba.csproj", "{53E8E619-BF74-4905-9E65-06866AF70D03}"
EndProject
Project("{FAE04EC0-301F-11D3-BF4B-00C04F79EFBC}") = "03 Struktury", "03 Struktury\03 Struktury.csproj", "{4293062A-0457-46FB-85B1-9F4C7ABDB6CB}"
EndProject
Global
	GlobalSection(SolutionConfigurationPlatforms) = preSolution
		Debug|Any CPU = Debug|Any CPU
		Release|Any CPU = Release|Any CPU
	EndGlobalSection
	GlobalSection(ProjectConfigurationPlatforms) = postSolution
		{9DEE5ACA-E6F0-4B13-8032-45096DD6C943}.Debug|Any CPU.ActiveCfg = Debug|Any CPU
		{9DEE5ACA-E6F0-4B13-8032-45096DD6C943}.Debug|Any CPU.Build.0 = Debug|Any CPU
		{9DEE5ACA-E6F0-4B13-8032-45096DD6C943}.Release|Any CPU.ActiveCfg = Release|Any CPU
		{9DEE5ACA-E6F0-4B13-8032-45096DD6C943}.Release|Any CPU.Build.0 = Release|Any CPU
		{53E8E619-BF74-4905-9E65-06866AF70D03}.Debug|Any CPU.ActiveCfg = Debug|Any CPU
		{53E8E619-BF74-4905-9E65-06866AF70D03}.Debug|Any CPU.Build.0 = Debug|Any CPU
		{53E8E619-BF74-4905-9E65-06866AF70D03}.Release|Any CPU.ActiveCfg = Release|Any CPU
		{53E8E619-BF74-4905-9E65-06866AF70D03}.Release|Any CPU.Build.0 = Release|Any CPU
		{4293062A-0457-46FB-85B1-9F4C7ABDB6CB}.Debug|Any CPU.ActiveCfg = Debug|Any CPU
		{4293062A-0457-46FB-85B1-9F4C7ABDB6CB}.Debug|Any CPU.Build.0 = Debug|Any CPU
		{4293062A-0457-46FB-85B1-9F4C7ABDB6CB}.Release|Any CPU.ActiveCfg = Release|Any CPU
		{4293062A-0457-46FB-85B1-9F4C7ABDB6CB}.Release|Any CPU.Build.0 = Release|Any CPU
	EndGlobalSection
	GlobalSection(SolutionProperties) = preSolution
		HideSolutionNode = FALSE
	EndGlobalSection
	GlobalSection(ExtensibilityGlobals) = postSolution
		SolutionGuid = {79AA8EEC-7ECE-4AC1-A35A-A062181DF74D}
	EndGlobalSection
EndGlobal
