
Microsoft Visual Studio Solution File, Format Version 12.00
# Visual Studio Version 17
VisualStudioVersion = 17.9.34616.47
MinimumVisualStudioVersion = 10.0.40219.1
Project("{FAE04EC0-301F-11D3-BF4B-00C04F79EFBC}") = "01 Czolg", "01 Czolg\01 Czolg.csproj", "{CFABFA8C-1A39-4D1F-AC2B-4AA6DD60C2CF}"
EndProject
Project("{FAE04EC0-301F-11D3-BF4B-00C04F79EFBC}") = "02 KolejnoscInicjalizacji", "02 KolejnoscInicjalizacji\02 KolejnoscInicjalizacji.csproj", "{267E93BE-8DF2-4A72-8CFF-A368927926D4}"
EndProject
Global
	GlobalSection(SolutionConfigurationPlatforms) = preSolution
		Debug|Any CPU = Debug|Any CPU
		Release|Any CPU = Release|Any CPU
	EndGlobalSection
	GlobalSection(ProjectConfigurationPlatforms) = postSolution
		{CFABFA8C-1A39-4D1F-AC2B-4AA6DD60C2CF}.Debug|Any CPU.ActiveCfg = Debug|Any CPU
		{CFABFA8C-1A39-4D1F-AC2B-4AA6DD60C2CF}.Debug|Any CPU.Build.0 = Debug|Any CPU
		{CFABFA8C-1A39-4D1F-AC2B-4AA6DD60C2CF}.Release|Any CPU.ActiveCfg = Release|Any CPU
		{CFABFA8C-1A39-4D1F-AC2B-4AA6DD60C2CF}.Release|Any CPU.Build.0 = Release|Any CPU
		{267E93BE-8DF2-4A72-8CFF-A368927926D4}.Debug|Any CPU.ActiveCfg = Debug|Any CPU
		{267E93BE-8DF2-4A72-8CFF-A368927926D4}.Debug|Any CPU.Build.0 = Debug|Any CPU
		{267E93BE-8DF2-4A72-8CFF-A368927926D4}.Release|Any CPU.ActiveCfg = Release|Any CPU
		{267E93BE-8DF2-4A72-8CFF-A368927926D4}.Release|Any CPU.Build.0 = Release|Any CPU
	EndGlobalSection
	GlobalSection(SolutionProperties) = preSolution
		HideSolutionNode = FALSE
	EndGlobalSection
	GlobalSection(ExtensibilityGlobals) = postSolution
		SolutionGuid = {E415DFEF-126E-401F-AFE3-94700C38DF2C}
	EndGlobalSection
EndGlobal
