
Microsoft Visual Studio Solution File, Format Version 12.00
# Visual Studio Version 17
VisualStudioVersion = 17.9.34723.18
MinimumVisualStudioVersion = 10.0.40219.1
Project("{FAE04EC0-301F-11D3-BF4B-00C04F79EFBC}") = "01 Statyczne", "01 Statyczne\01 Statyczne.csproj", "{9C4C3C8C-3949-4739-A016-E1EB78258BF7}"
EndProject
Project("{FAE04EC0-301F-11D3-BF4B-00C04F79EFBC}") = "02 Rozszerzenie", "02 Rozszerzenie\02 Rozszerzenie.csproj", "{3486973D-BB48-49B7-BEF1-B90A40B544D6}"
EndProject
Project("{FAE04EC0-301F-11D3-BF4B-00C04F79EFBC}") = "Dziedziczenie", "Dziedziczenie\Dziedziczenie.csproj", "{DE6AFBD3-4F30-4BA8-BB6C-3CE6DF72798C}"
EndProject
Global
	GlobalSection(SolutionConfigurationPlatforms) = preSolution
		Debug|Any CPU = Debug|Any CPU
		Release|Any CPU = Release|Any CPU
	EndGlobalSection
	GlobalSection(ProjectConfigurationPlatforms) = postSolution
		{9C4C3C8C-3949-4739-A016-E1EB78258BF7}.Debug|Any CPU.ActiveCfg = Debug|Any CPU
		{9C4C3C8C-3949-4739-A016-E1EB78258BF7}.Debug|Any CPU.Build.0 = Debug|Any CPU
		{9C4C3C8C-3949-4739-A016-E1EB78258BF7}.Release|Any CPU.ActiveCfg = Release|Any CPU
		{9C4C3C8C-3949-4739-A016-E1EB78258BF7}.Release|Any CPU.Build.0 = Release|Any CPU
		{3486973D-BB48-49B7-BEF1-B90A40B544D6}.Debug|Any CPU.ActiveCfg = Debug|Any CPU
		{3486973D-BB48-49B7-BEF1-B90A40B544D6}.Debug|Any CPU.Build.0 = Debug|Any CPU
		{3486973D-BB48-49B7-BEF1-B90A40B544D6}.Release|Any CPU.ActiveCfg = Release|Any CPU
		{3486973D-BB48-49B7-BEF1-B90A40B544D6}.Release|Any CPU.Build.0 = Release|Any CPU
		{DE6AFBD3-4F30-4BA8-BB6C-3CE6DF72798C}.Debug|Any CPU.ActiveCfg = Debug|Any CPU
		{DE6AFBD3-4F30-4BA8-BB6C-3CE6DF72798C}.Debug|Any CPU.Build.0 = Debug|Any CPU
		{DE6AFBD3-4F30-4BA8-BB6C-3CE6DF72798C}.Release|Any CPU.ActiveCfg = Release|Any CPU
		{DE6AFBD3-4F30-4BA8-BB6C-3CE6DF72798C}.Release|Any CPU.Build.0 = Release|Any CPU
	EndGlobalSection
	GlobalSection(SolutionProperties) = preSolution
		HideSolutionNode = FALSE
	EndGlobalSection
	GlobalSection(ExtensibilityGlobals) = postSolution
		SolutionGuid = {0A1307AD-4805-458E-8EB1-5B8400CF47D7}
	EndGlobalSection
EndGlobal
